PODS:
  - boost-for-react-native (1.63.0)
  - DoubleConversion (1.1.6)
  - FLAnimatedImage (1.0.12)
  - Folly (2016.10.31.00):
    - boost-for-react-native
    - DoubleConversion
    - glog
  - glog (0.3.5)
  - libwebp (0.6.1):
    - libwebp/core (= 0.6.1)
    - libwebp/dec (= 0.6.1)
    - libwebp/demux (= 0.6.1)
    - libwebp/dsp (= 0.6.1)
    - libwebp/enc (= 0.6.1)
    - libwebp/mux (= 0.6.1)
    - libwebp/utils (= 0.6.1)
    - libwebp/webp (= 0.6.1)
  - libwebp/core (0.6.1):
    - libwebp/webp
  - libwebp/dec (0.6.1):
    - libwebp/core
  - libwebp/demux (0.6.1):
    - libwebp/core
  - libwebp/dsp (0.6.1):
    - libwebp/core
  - libwebp/enc (0.6.1):
    - libwebp/core
  - libwebp/mux (0.6.1):
    - libwebp/core
  - libwebp/utils (0.6.1):
    - libwebp/core
  - libwebp/webp (0.6.1)
  - React (0.57.3):
    - React/Core (= 0.57.3)
  - react-native-fast-image (1.0.0-development):
    - FLAnimatedImage
    - React
    - SDWebImage/Core
    - SDWebImage/GIF
    - SDWebImage/WebP
  - react-native-image-picker (0.27.1):
    - React
  - React/Core (0.57.3):
    - yoga (= 0.57.3.React)
  - React/CxxBridge (0.57.3):
    - Folly (= 2016.10.31.00)
    - React/Core
    - React/cxxreact
  - React/cxxreact (0.57.3):
    - boost-for-react-native (= 1.63.0)
    - Folly (= 2016.10.31.00)
    - React/jschelpers
    - React/jsinspector
  - React/DevSupport (0.57.3):
    - React/Core
    - React/RCTWebSocket
  - React/fishhook (0.57.3)
  - React/jschelpers (0.57.3):
    - Folly (= 2016.10.31.00)
    - React/PrivateDatabase
  - React/jsinspector (0.57.3)
  - React/PrivateDatabase (0.57.3)
  - React/RCTAnimation (0.57.3):
    - React/Core
  - React/RCTBlob (0.57.3):
    - React/Core
  - React/RCTImage (0.57.3):
    - React/Core
    - React/RCTNetwork
  - React/RCTNetwork (0.57.3):
    - React/Core
  - React/RCTText (0.57.3):
    - React/Core
  - React/RCTWebSocket (0.57.3):
    - React/Core
    - React/fishhook
    - React/RCTBlob
  - RNVectorIcons (6.0.2):
    - React
  - SDWebImage/Core (4.4.5)
  - SDWebImage/GIF (4.4.5):
    - FLAnimatedImage (~> 1.0)
    - SDWebImage/Core
  - SDWebImage/WebP (4.4.5):
    - libwebp (~> 0.5)
    - SDWebImage/Core
  - yoga (0.57.3.React)

DEPENDENCIES:
  - DoubleConversion (from `../node_modules/react-native/third-party-podspecs/DoubleConversion.podspec`)
  - Folly (from `../node_modules/react-native/third-party-podspecs/Folly.podspec`)
  - glog (from `../node_modules/react-native/third-party-podspecs/glog.podspec`)
  - react-native-fast-image (from `../node_modules/react-native-fast-image`)
  - react-native-image-picker (from `../node_modules/react-native-image-picker`)
  - React/Core (from `../node_modules/react-native`)
  - React/CxxBridge (from `../node_modules/react-native`)
  - React/DevSupport (from `../node_modules/react-native`)
  - React/RCTAnimation (from `../node_modules/react-native`)
  - React/RCTImage (from `../node_modules/react-native`)
  - React/RCTNetwork (from `../node_modules/react-native`)
  - React/RCTText (from `../node_modules/react-native`)
  - React/RCTWebSocket (from `../node_modules/react-native`)
  - RNVectorIcons (from `../node_modules/react-native-vector-icons`)
  - yoga (from `../node_modules/react-native/ReactCommon/yoga`)

SPEC REPOS:
  https://github.com/cocoapods/specs.git:
    - boost-for-react-native
    - FLAnimatedImage
    - libwebp
    - SDWebImage

EXTERNAL SOURCES:
  DoubleConversion:
    :podspec: "../node_modules/react-native/third-party-podspecs/DoubleConversion.podspec"
  Folly:
    :podspec: "../node_modules/react-native/third-party-podspecs/Folly.podspec"
  glog:
    :podspec: "../node_modules/react-native/third-party-podspecs/glog.podspec"
  React:
    :path: "../node_modules/react-native"
  react-native-fast-image:
    :path: "../node_modules/react-native-fast-image"
  react-native-image-picker:
    :path: "../node_modules/react-native-image-picker"
  RNVectorIcons:
    :path: "../node_modules/react-native-vector-icons"
  yoga:
    :path: "../node_modules/react-native/ReactCommon/yoga"

SPEC CHECKSUMS:
  boost-for-react-native: 39c7adb57c4e60d6c5479dd8623128eb5b3f0f2c
  DoubleConversion: bb338842f62ab1d708ceb63ec3d999f0f3d98ecd
  FLAnimatedImage: 4a0b56255d9b05f18b6dd7ee06871be5d3b89e31
  Folly: c89ac2d5c6ab169cd7397ef27485c44f35f742c7
  glog: e8acf0ebbf99759d3ff18c86c292a5898282dcde
  libwebp: 0f01098c6c17175391af621b2f14150f3ca16e16
  React: a197ec4fee34abff321271f5614cabc517faed71
  react-native-fast-image: 996f6dc73f4b534ed6587513ad448aae5a48ccbe
  react-native-image-picker: 3fac3bf5b8ec802785c884c5bde0239ad8433b34
  RNVectorIcons: d819334932bcda3332deb3d2c8ea4d069e0b98f9
  SDWebImage: ecc03494e973b93b80213649d32175f8d2d17d4d
  yoga: c991dffbcb89c7eee1aadf243b72e48d462ee34a

PODFILE CHECKSUM: 9c1b580892a7e8ba16c3ef11342f53e075ff596a

COCOAPODS: 1.6.1
